github.com/atistler/hugo-content-1 v0.0.0-20210512152543-4f318d383886 h1:gOlwnbBfC2El5/TKNmntAW2UQdkqFUmL9mWJRmQrYus=
github.com/atistler/hugo-content-1 v0.0.0-20210512152543-4f318d383886/go.mod h1:TU6gu/iWqWPCV47aW7IRI1VmlyQ5L3cDutLRZaPt2G8=
github.com/atistler/hugo-content-1 v0.0.0-20210512160833-466625b480ea h1:OyX97G/WGg6w5GenvmHU792eEDzq7AGiXjCZbyaGBtw=
github.com/atistler/hugo-content-1 v0.0.0-20210512160833-466625b480ea/go.mod h1:TU6gu/iWqWPCV47aW7IRI1VmlyQ5L3cDutLRZaPt2G8=
github.com/atistler/hugo-content-2 v0.0.0-20210512161303-d4496d661e7b h1:1vmfxLUjwHgxQj4dWf8oqQPxyqqgIMm5vMGQJ3pLfgQ=
github.com/atistler/hugo-content-2 v0.0.0-20210512161303-d4496d661e7b/go.mod h1:uivutrreJgvIqBsai9aRU71EdstFZOCaKhv/bBOF1QA=
github.com/google/docsy v0.0.0-20210510163041-0b5c79c76173 h1:NKKdt2ImLQ9hVFHruJMj4sFrlTGFGrJLxEl024uN/eA=
github.com/google/docsy v0.0.0-20210510163041-0b5c79c76173/go.mod h1:alhAPKceHP14eqO+nJEhYehHeNcPKV8QnduoauTBZhs=
